<?xml version="1.0" encoding="utf-8"?>
<Project ToolsVersion="4.0" xmlns="http://schemas.microsoft.com/developer/msbuild/2003">
  <ItemGroup>
    <Filter Include="Исходные файлы">
      <UniqueIdentifier>{4FC737F1-C7A5-4376-A066-2A32D752A2FF}</UniqueIdentifier>
      <Extensions>cpp;c;cc;cxx;def;odl;idl;hpj;bat;asm;asmx</Extensions>
    </Filter>
    <Filter Include="Файлы заголовков">
      <UniqueIdentifier>{93995380-89BD-4b04-88EB-625FBE52EBFB}</UniqueIdentifier>
      <Extensions>h;hh;hpp;hxx;hm;inl;inc;ipp;xsd</Extensions>
    </Filter>
    <Filter Include="Файлы ресурсов">
      <UniqueIdentifier>{67DA6AB6-F800-4c08-8B7A-83BB121AAD01}</UniqueIdentifier>
      <Extensions>rc;ico;cur;bmp;dlg;rc2;rct;bin;rgs;gif;jpg;jpeg;jpe;resx;tiff;tif;png;wav;mfcribbon-ms</Extensions>
    </Filter>
    <Filter Include="Исходные файлы\N">
      <UniqueIdentifier>{d9a07f50-426e-4340-964f-4b6e8d60bd35}</UniqueIdentifier>
    </Filter>
    <Filter Include="Исходные файлы\Z">
      <UniqueIdentifier>{e32689be-575b-4a27-bbf7-30e5401cb4d0}</UniqueIdentifier>
    </Filter>
    <Filter Include="Исходные файлы\Q">
      <UniqueIdentifier>{e52e019e-e120-4729-92a1-b0e44b6f4c3e}</UniqueIdentifier>
    </Filter>
    <Filter Include="Исходные файлы\P">
      <UniqueIdentifier>{3f536d08-7af9-44b0-9ff1-94d5d85c8584}</UniqueIdentifier>
    </Filter>
    <Filter Include="Файлы заголовков\N">
      <UniqueIdentifier>{d8c960f7-3359-4f83-a8d4-b93288b884de}</UniqueIdentifier>
    </Filter>
    <Filter Include="Файлы заголовков\Z">
      <UniqueIdentifier>{9c4dcaa3-b2e8-4528-b737-66545278ecdd}</UniqueIdentifier>
    </Filter>
    <Filter Include="Файлы заголовков\Q">
      <UniqueIdentifier>{82942ccb-d4ba-40a8-bdd3-409c6d10e6d4}</UniqueIdentifier>
    </Filter>
    <Filter Include="Файлы заголовков\P">
      <UniqueIdentifier>{37d6524b-1698-4fbd-99f3-91a5b98853d4}</UniqueIdentifier>
    </Filter>
    <Filter Include="Файлы заголовков\Additions">
      <UniqueIdentifier>{b15d8deb-a6f0-435a-bb52-38147a516448}</UniqueIdentifier>
    </Filter>
  </ItemGroup>
  <ItemGroup>
    <ClCompile Include="MainForm.cpp">
      <Filter>Исходные файлы</Filter>
    </ClCompile>
    <ClCompile Include="N.cpp">
      <Filter>Исходные файлы\N</Filter>
    </ClCompile>
    <ClCompile Include="NRecognizer.cpp">
      <Filter>Исходные файлы\N</Filter>
    </ClCompile>
    <ClCompile Include="ZRecognizer.cpp">
      <Filter>Исходные файлы\Z</Filter>
    </ClCompile>
    <ClCompile Include="Z.cpp">
      <Filter>Исходные файлы\Z</Filter>
    </ClCompile>
    <ClCompile Include="Q.cpp">
      <Filter>Исходные файлы\Q</Filter>
    </ClCompile>
    <ClCompile Include="QRecognizer.cpp">
      <Filter>Исходные файлы\Q</Filter>
    </ClCompile>
    <ClCompile Include="P.cpp">
      <Filter>Исходные файлы\P</Filter>
    </ClCompile>
    <ClCompile Include="PRecognizer.cpp">
      <Filter>Исходные файлы\P</Filter>
    </ClCompile>
    <ClCompile Include="ModuleDescriptionForm.cpp">
      <Filter>Исходные файлы</Filter>
    </ClCompile>
    <ClCompile Include="AboutProgramForm.cpp">
      <Filter>Исходные файлы</Filter>
    </ClCompile>
  </ItemGroup>
  <ItemGroup>
    <ClInclude Include="resource.h">
      <Filter>Файлы заголовков</Filter>
    </ClInclude>
    <ClInclude Include="MainForm.h">
      <Filter>Файлы заголовков</Filter>
    </ClInclude>
    <ClInclude Include="N.h">
      <Filter>Файлы заголовков\N</Filter>
    </ClInclude>
    <ClInclude Include="NRecognizer.h">
      <Filter>Файлы заголовков\N</Filter>
    </ClInclude>
    <ClInclude Include="Recognizer.h">
      <Filter>Файлы заголовков\Z</Filter>
    </ClInclude>
    <ClInclude Include="Z.h">
      <Filter>Файлы заголовков\Z</Filter>
    </ClInclude>
    <ClInclude Include="ZRecognizer.h">
      <Filter>Файлы заголовков\Z</Filter>
    </ClInclude>
    <ClInclude Include="Q.h">
      <Filter>Файлы заголовков\Q</Filter>
    </ClInclude>
    <ClInclude Include="QRecognizer.h">
      <Filter>Файлы заголовков\Q</Filter>
    </ClInclude>
    <ClInclude Include="PRecognizer.h">
      <Filter>Файлы заголовков\P</Filter>
    </ClInclude>
    <ClInclude Include="P.h">
      <Filter>Файлы заголовков\P</Filter>
    </ClInclude>
    <ClInclude Include="Exceptions.h">
      <Filter>Файлы заголовков\Additions</Filter>
    </ClInclude>
    <ClInclude Include="SpecialType.h">
      <Filter>Файлы заголовков\Additions</Filter>
    </ClInclude>
    <ClInclude Include="TemplateOperations.h">
      <Filter>Файлы заголовков\Additions</Filter>
    </ClInclude>
    <ClInclude Include="ModuleDescriptionForm.h">
      <Filter>Файлы заголовков</Filter>
    </ClInclude>
    <ClInclude Include="AboutProgramForm.h">
      <Filter>Файлы заголовков</Filter>
    </ClInclude>
  </ItemGroup>
  <ItemGroup>
    <Image Include="icon.ico">
      <Filter>Файлы ресурсов</Filter>
    </Image>
  </ItemGroup>
  <ItemGroup>
    <ResourceCompile Include="Resource.rc">
      <Filter>Файлы ресурсов</Filter>
    </ResourceCompile>
  </ItemGroup>
</Project>